{
    "_meta": {
        "hash": {
            "sha256": "75c8da9a45a7e761e84ce585a5a484ede6449c66eaa4b648640b032816de5291"
        },
        "pipfile-spec": 6,
        "requires": {
            "python_version": "3.8"
        },
        "sources": [
            {
                "name": "pypi",
                "url": "https://pypi.org/simple",
                "verify_ssl": true
            }
        ]
    },
    "default": {
        "category-encoders": {
            "hashes": [
                "sha256:64dc68cd30dea32a390b3eed880f6e365635118c916b082dde99b76741155c15",
                "sha256:f8dd75821956de85818c57ef6c43bd0419828404a0c2145051016b36da3d7e95"
            ],
            "index": "pypi",
            "version": "==2.5.0"
        },
        "feature-engine": {
            "hashes": [
                "sha256:bcc30574a5eac6d4e47f82794129464ec50fd520c284b85f003582989dd0dbc4",
                "sha256:ebeb3b01fea314b682a0050a3f019e9ea3de4a5fc2e5ce3ccc64d63403591ee3"
            ],
            "index": "pypi",
            "version": "==1.4.1"
        },
        "joblib": {
            "hashes": [
                "sha256:4158fcecd13733f8be669be0683b96ebdbbd38d23559f54dca7205aea1bf1e35",
                "sha256:f21f109b3c7ff9d95f8387f752d0d9c34a02aa2f7060c2135f465da0e5160ff6"
            ],
            "markers": "python_version >= '3.6'",
            "version": "==1.1.0"
        },
        "numpy": {
            "hashes": [
                "sha256:0791fbd1e43bf74b3502133207e378901272f3c156c4df4954cad833b1380207",
                "sha256:1ce7ab2053e36c0a71e7a13a7475bd3b1f54750b4b433adc96313e127b870887",
                "sha256:2d487e06ecbf1dc2f18e7efce82ded4f705f4bd0cd02677ffccfb39e5c284c7e",
                "sha256:37431a77ceb9307c28382c9773da9f306435135fae6b80b62a11c53cfedd8802",
                "sha256:3e1ffa4748168e1cc8d3cde93f006fe92b5421396221a02f2274aab6ac83b077",
                "sha256:425b390e4619f58d8526b3dcf656dde069133ae5c240229821f01b5f44ea07af",
                "sha256:43a8ca7391b626b4c4fe20aefe79fec683279e31e7c79716863b4b25021e0e74",
                "sha256:4c6036521f11a731ce0648f10c18ae66d7143865f19f7299943c985cdc95afb5",
                "sha256:59d55e634968b8f77d3fd674a3cf0b96e85147cd6556ec64ade018f27e9479e1",
                "sha256:64f56fc53a2d18b1924abd15745e30d82a5782b2cab3429aceecc6875bd5add0",
                "sha256:7228ad13744f63575b3a972d7ee4fd61815b2879998e70930d4ccf9ec721dce0",
                "sha256:9ce7df0abeabe7fbd8ccbf343dc0db72f68549856b863ae3dd580255d009648e",
                "sha256:a911e317e8c826ea632205e63ed8507e0dc877dcdc49744584dfc363df9ca08c",
                "sha256:b89bf9b94b3d624e7bb480344e91f68c1c6c75f026ed6755955117de00917a7c",
                "sha256:ba9ead61dfb5d971d77b6c131a9dbee62294a932bf6a356e48c75ae684e635b3",
                "sha256:c1d937820db6e43bec43e8d016b9b3165dcb42892ea9f106c70fb13d430ffe72",
                "sha256:cc7f00008eb7d3f2489fca6f334ec19ca63e31371be28fd5dad955b16ec285bd",
                "sha256:d4c5d5eb2ec8da0b4f50c9a843393971f31f1d60be87e0fb0917a49133d257d6",
                "sha256:e96d7f3096a36c8754207ab89d4b3282ba7b49ea140e4973591852c77d09eb76",
                "sha256:f0725df166cf4785c0bc4cbfb320203182b1ecd30fee6e541c8752a92df6aa32",
                "sha256:f3eb268dbd5cfaffd9448113539e44e2dd1c5ca9ce25576f7c04a5453edc26fa",
                "sha256:fb7a980c81dd932381f8228a426df8aeb70d59bbcda2af075b627bbc50207cba"
            ],
            "index": "pypi",
            "version": "==1.22.4"
        },
        "packaging": {
            "hashes": [
                "sha256:dd47c42927d89ab911e606518907cc2d3a1f38bbd026385970643f9c5b8ecfeb",
                "sha256:ef103e05f519cdc783ae24ea4e2e0f508a9c99b2d4969652eed6a2e1ea5bd522"
            ],
            "markers": "python_version >= '3.6'",
            "version": "==21.3"
        },
        "pandas": {
            "hashes": [
                "sha256:0010771bd9223f7afe5f051eb47c4a49534345dfa144f2f5470b27189a4dd3b5",
                "sha256:061609334a8182ab500a90fe66d46f6f387de62d3a9cb9aa7e62e3146c712167",
                "sha256:09d8be7dd9e1c4c98224c4dfe8abd60d145d934e9fc1f5f411266308ae683e6a",
                "sha256:295872bf1a09758aba199992c3ecde455f01caf32266d50abc1a073e828a7b9d",
                "sha256:3228198333dd13c90b6434ddf61aa6d57deaca98cf7b654f4ad68a2db84f8cfe",
                "sha256:385c52e85aaa8ea6a4c600a9b2821181a51f8be0aee3af6f2dcb41dafc4fc1d0",
                "sha256:51649ef604a945f781105a6d2ecf88db7da0f4868ac5d45c51cb66081c4d9c73",
                "sha256:5586cc95692564b441f4747c47c8a9746792e87b40a4680a2feb7794defb1ce3",
                "sha256:5a206afa84ed20e07603f50d22b5f0db3fb556486d8c2462d8bc364831a4b417",
                "sha256:5b79af3a69e5175c6fa7b4e046b21a646c8b74e92c6581a9d825687d92071b51",
                "sha256:5c54ea4ef3823108cd4ec7fb27ccba4c3a775e0f83e39c5e17f5094cb17748bc",
                "sha256:8c5bf555b6b0075294b73965adaafb39cf71c312e38c5935c93d78f41c19828a",
                "sha256:92bc1fc585f1463ca827b45535957815b7deb218c549b7c18402c322c7549a12",
                "sha256:95c1e422ced0199cf4a34385ff124b69412c4bc912011ce895582bee620dfcaa",
                "sha256:b8134651258bce418cb79c71adeff0a44090c98d955f6953168ba16cc285d9f7",
                "sha256:be67c782c4f1b1f24c2f16a157e12c2693fd510f8df18e3287c77f33d124ed07",
                "sha256:c072c7f06b9242c855ed8021ff970c0e8f8b10b35e2640c657d2a541c5950f59",
                "sha256:d0d4f13e4be7ce89d7057a786023c461dd9370040bdb5efa0a7fe76b556867a0",
                "sha256:df82739e00bb6daf4bba4479a40f38c718b598a84654cbd8bb498fd6b0aa8c16",
                "sha256:f549097993744ff8c41b5e8f2f0d3cbfaabe89b4ae32c8c08ead6cc535b80139",
                "sha256:ff08a14ef21d94cdf18eef7c569d66f2e24e0bc89350bcd7d243dd804e3b5eb2"
            ],
            "index": "pypi",
            "version": "==1.4.2"
        },
        "patsy": {
            "hashes": [
                "sha256:5053de7804676aba62783dbb0f23a2b3d74e35e5bfa238b88b7cbf148a38b69d",
                "sha256:cc80955ae8c13a7e7c4051eda7b277c8f909f50bc7d73e124bc38e2ee3d95041"
            ],
            "version": "==0.5.2"
        },
        "pyparsing": {
            "hashes": [
                "sha256:2b020ecf7d21b687f219b71ecad3631f644a47f01403fa1d1036b0c6416d70fb",
                "sha256:5026bae9a10eeaefb61dab2f09052b9f4307d44aee4eda64b309723d8d206bbc"
            ],
            "markers": "python_full_version >= '3.6.8'",
            "version": "==3.0.9"
        },
        "python-dateutil": {
            "hashes": [
                "sha256:0123cacc1627ae19ddf3c27a5de5bd67ee4586fbdd6440d9748f8abb483d3e86",
                "sha256:961d03dc3453ebbc59dbdea9e4e11c5651520a876d0f4db161e8674aae935da9"
            ],
            "markers": "python_version >= '2.7' and python_version not in '3.0, 3.1, 3.2, 3.3'",
            "version": "==2.8.2"
        },
        "pytz": {
            "hashes": [
                "sha256:1e760e2fe6a8163bc0b3d9a19c4f84342afa0a2affebfaa84b01b978a02ecaa7",
                "sha256:e68985985296d9a66a881eb3193b0906246245294a881e7c8afe623866ac6a5c"
            ],
            "version": "==2022.1"
        },
        "scikit-learn": {
            "hashes": [
                "sha256:0403ad13f283e27d43b0ad875f187ec7f5d964903d92d1ed06c51439560ecea0",
                "sha256:102f51797cd8944bf44a038d106848ddf2804f2c1edf7aea45fba81a4fdc4d80",
                "sha256:22145b60fef02e597a8e7f061ebc7c51739215f11ce7fcd2ca9af22c31aa9f86",
                "sha256:33cf061ed0b79d647a3e4c3f6c52c412172836718a7cd4d11c1318d083300133",
                "sha256:3be10d8d325821ca366d4fe7083d87c40768f842f54371a9c908d97c45da16fc",
                "sha256:3e77b71e8e644f86c8b5be7f1c285ef597de4c384961389ee3e9ca36c445b256",
                "sha256:45c0f6ae523353f1d99b85469d746f9c497410adff5ba8b24423705b6956a86e",
                "sha256:47464c110eaa9ed9d1fe108cb403510878c3d3a40f110618d2a19b2190a3e35c",
                "sha256:542ccd2592fe7ad31f5c85fed3a3deb3e252383960a85e4b49a629353fffaba4",
                "sha256:723cdb278b1fa57a55f68945bc4e501a2f12abe82f76e8d21e1806cbdbef6fc5",
                "sha256:8fe80df08f5b9cee5dd008eccc672e543976198d790c07e5337f7dfb67eaac05",
                "sha256:8ff56d07b9507fbe07ca0f4e5c8f3e171f74a429f998da03e308166251316b34",
                "sha256:b2db720e13e697d912a87c1a51194e6fb085dc6d8323caa5ca51369ca6948f78",
                "sha256:b928869072366dc138762fe0929e7dc88413f8a469aebc6a64adc10a9226180c",
                "sha256:c2dad2bfc502344b869d4a3f4aa7271b2a5f4fe41f7328f404844c51612e2c58",
                "sha256:e851f8874398dcd50d1e174e810e9331563d189356e945b3271c0e19ee6f4d6f",
                "sha256:e9d228ced1214d67904f26fb820c8abbea12b2889cd4aa8cda20a4ca0ed781c1",
                "sha256:f2d5b5d6e87d482e17696a7bfa03fe9515fdfe27e462a4ad37f3d7774a5e2fd6"
            ],
            "index": "pypi",
            "version": "==1.1.1"
        },
        "scipy": {
            "hashes": [
                "sha256:02b567e722d62bddd4ac253dafb01ce7ed8742cf8031aea030a41414b86c1125",
                "sha256:1166514aa3bbf04cb5941027c6e294a000bba0cf00f5cdac6c77f2dad479b434",
                "sha256:1da52b45ce1a24a4a22db6c157c38b39885a990a566748fc904ec9f03ed8c6ba",
                "sha256:23b22fbeef3807966ea42d8163322366dd89da9bebdc075da7034cee3a1441ca",
                "sha256:28d2cab0c6ac5aa131cc5071a3a1d8e1366dad82288d9ec2ca44df78fb50e649",
                "sha256:2ef0fbc8bcf102c1998c1f16f15befe7cffba90895d6e84861cd6c6a33fb54f6",
                "sha256:3b69b90c9419884efeffaac2c38376d6ef566e6e730a231e15722b0ab58f0328",
                "sha256:4b93ec6f4c3c4d041b26b5f179a6aab8f5045423117ae7a45ba9710301d7e462",
                "sha256:4e53a55f6a4f22de01ffe1d2f016e30adedb67a699a310cdcac312806807ca81",
                "sha256:6311e3ae9cc75f77c33076cb2794fb0606f14c8f1b1c9ff8ce6005ba2c283621",
                "sha256:65b77f20202599c51eb2771d11a6b899b97989159b7975e9b5259594f1d35ef4",
                "sha256:6cc6b33139eb63f30725d5f7fa175763dc2df6a8f38ddf8df971f7c345b652dc",
                "sha256:70de2f11bf64ca9921fda018864c78af7147025e467ce9f4a11bc877266900a6",
                "sha256:70ebc84134cf0c504ce6a5f12d6db92cb2a8a53a49437a6bb4edca0bc101f11c",
                "sha256:83606129247e7610b58d0e1e93d2c5133959e9cf93555d3c27e536892f1ba1f2",
                "sha256:93d07494a8900d55492401917a119948ed330b8c3f1d700e0b904a578f10ead4",
                "sha256:9c4e3ae8a716c8b3151e16c05edb1daf4cb4d866caa385e861556aff41300c14",
                "sha256:9dd4012ac599a1e7eb63c114d1eee1bcfc6dc75a29b589ff0ad0bb3d9412034f",
                "sha256:9e3fb1b0e896f14a85aa9a28d5f755daaeeb54c897b746df7a55ccb02b340f33",
                "sha256:a0aa8220b89b2e3748a2836fbfa116194378910f1a6e78e4675a095bcd2c762d",
                "sha256:d3b3c8924252caaffc54d4a99f1360aeec001e61267595561089f8b5900821bb",
                "sha256:e013aed00ed776d790be4cb32826adb72799c61e318676172495383ba4570aa4",
                "sha256:f3e7a8867f307e3359cc0ed2c63b61a1e33a19080f92fe377bc7d49f646f2ec1"
            ],
            "index": "pypi",
            "version": "==1.8.1"
        },
        "six": {
            "hashes": [
                "sha256:1e61c37477a1626458e36f7b1d82aa5c9b094fa4802892072e49de9c60c4c926",
                "sha256:8abb2f1d86890a2dfb989f9a77cfcfd3e47c2a354b01111771326f8aa26e0254"
            ],
            "markers": "python_version >= '2.7' and python_version not in '3.0, 3.1, 3.2, 3.3'",
            "version": "==1.16.0"
        },
        "statsmodels": {
            "hashes": [
                "sha256:066a75d5585378b2df972f81a90b9a3da5e567b7d4833300c1597438c1a35e29",
                "sha256:20483cc30e11aa072b30d307bb80470f86a23ae8fffa51439ca54509d7aa9b05",
                "sha256:39daab5a8a9332c8ea83d6464d065080c9ba65f236daf6a64aa18f64ef776fad",
                "sha256:3e7ca5b7e678c0bb7a24f5c735d58ac104a50eb61b17c484cce0e221a095560f",
                "sha256:426b1c8ea3918d3d27dbfa38f2bee36cabf41d32163e2cbb3adfb0178b24626a",
                "sha256:45b80fac4a63308b1e93fa9dc27a8598930fd5dfd77c850ca077bb850254c6d7",
                "sha256:461c82ab2265fa8457b96afc23ef3ca19f42eb070436e0241b57e58a38863901",
                "sha256:5bc050f25f1ba1221efef9ea01b751c60935ad787fcd4259f4ece986f2da9141",
                "sha256:5c4ccc6b4744613367e8a233bd952c8a838db8f528f9fe033bda25aa13fc7d08",
                "sha256:5d680b910b57fc0aa87472662cdfe09aae0e21db4bdf19ccd6420fd4dffda892",
                "sha256:6bf0dfed5f5edb59b5922b295392cd276463b10a5e730f7e57ee4ff2d8e9a87e",
                "sha256:77dc292c9939c036a476f1770f9d08976b05437daa229928da73231147cde7d4",
                "sha256:78ee69ec0e0f79f627245c65f8a495b8581c2ea19084aac63941815feb15dcf3",
                "sha256:815f4df713e3eb6f40ae175c71f2a70d32f9219b5b4d23d4e0faab1171ba93ba",
                "sha256:855b1cc2a91ab140b9bcf304b1731705805ce73223bf500b988804968554c0ed",
                "sha256:9e9a3f661d372431850d55157d049e079493c97fc06f550d23d8c8c70805cc48",
                "sha256:9f23554dd025ea354ce072ba32bfaa840d2b856372e5734290e181d27a1f9e0c",
                "sha256:a403b559c5586dab7ac0fc9e754c737b017c96cce0ddd66ff9094764cdaf293d",
                "sha256:ab31bac0f72b83bca1f217a12ec6f309a56485a50c4a705fbdd63112213d4da4",
                "sha256:b69c9af7606325095f7c40c581957bad9f28775653d41537c1ec4cd1b185ff5b",
                "sha256:bf43051a92231ccb9de95e4b6d22d3b15e499ee5ee9bff0a20e6b6ad293e34cb",
                "sha256:c9f6326870c095ef688f072cd476b932aff0906d60193eaa08e93ec23b29ca83",
                "sha256:f15f38dfc9c5c091662cb619e12322047368c67aef449c7554d9b324a15f7a94"
            ],
            "index": "pypi",
            "version": "==0.13.2"
        },
        "threadpoolctl": {
            "hashes": [
                "sha256:8b99adda265feb6773280df41eece7b2e6561b772d21ffd52e372f999024907b",
                "sha256:a335baacfaa4400ae1f0d8e3a58d6674d2f8828e3716bb2802c44955ad391380"
            ],
            "markers": "python_version >= '3.6'",
            "version": "==3.1.0"
        }
    },
    "develop": {}
}
